# THIS IS AN AUTOGENERATED FILE. DO NOT EDIT THIS FILE DIRECTLY.
# yarn lockfile v1


array-uniq@1.0.2:
  version "1.0.2"
  resolved "https://registry.yarnpkg.com/array-uniq/-/array-uniq-1.0.2.tgz#5fcc373920775723cfd64d65c64bef53bf9eba6d"
  integrity sha1-X8w3OSB3VyPP1k1lxkvvU7+eum0=

randomstring@^1.1.5:
  version "1.1.5"
  resolved "https://registry.yarnpkg.com/randomstring/-/randomstring-1.1.5.tgz#6df0628f75cbd5932930d9fe3ab4e956a18518c3"
  integrity sha1-bfBij3XL1ZMpMNn+OrTpVqGFGMM=
  dependencies:
    array-uniq "1.0.2"

stripchar@^1.2.1:
  version "1.2.1"
  resolved "https://registry.yarnpkg.com/stripchar/-/stripchar-1.2.1.tgz#6e93c34f5e02fd11b0a3f52e427a96af06f39947"
  integrity sha1-bpPDT14C/RGwo/UuQnqWrwbzmUc=
